
Microsoft Visual Studio Solution File, Format Version 12.00
# Visual Studio Version 17
VisualStudioVersion = 17.1.32210.238
MinimumVisualStudioVersion = 10.0.40219.1
Project("{FAE04EC0-301F-11D3-BF4B-00C04F79EFBC}") = "Vue3-Service", "Vue3-Service.csproj", "{FD07A129-4F70-495F-8677-E9250A1F2A94}"
EndProject
Global
	GlobalSection(SolutionConfigurationPlatforms) = preSolution
		Debug|Any CPU = Debug|Any CPU
		Release|Any CPU = Release|Any CPU
	EndGlobalSection
	GlobalSection(ProjectConfigurationPlatforms) = postSolution
		{FD07A129-4F70-495F-8677-E9250A1F2A94}.Debug|Any CPU.ActiveCfg = Debug|Any CPU
		{FD07A129-4F70-495F-8677-E9250A1F2A94}.Debug|Any CPU.Build.0 = Debug|Any CPU
		{FD07A129-4F70-495F-8677-E9250A1F2A94}.Release|Any CPU.ActiveCfg = Release|Any CPU
		{FD07A129-4F70-495F-8677-E9250A1F2A94}.Release|Any CPU.Build.0 = Release|Any CPU
	EndGlobalSection
	GlobalSection(SolutionProperties) = preSolution
		HideSolutionNode = FALSE
	EndGlobalSection
	GlobalSection(ExtensibilityGlobals) = postSolution
		SolutionGuid = {A0FADE3E-8C62-43EC-BC8C-889E8854974D}
	EndGlobalSection
EndGlobal
